PODS:
  - Alamofire (5.4.4)
  - AppAuth (1.4.0):
    - AppAuth/Core (= 1.4.0)
    - AppAuth/ExternalUserAgent (= 1.4.0)
  - AppAuth/Core (1.4.0)
  - AppAuth/ExternalUserAgent (1.4.0)
  - GoogleWebRTC (1.1.31999)
  - LibTorch (1.10.0):
    - LibTorch/Core (= 1.10.0)
  - LibTorch/Core (1.10.0):
    - LibTorch/Torch
  - LibTorch/Torch (1.10.0)
  - OpenMinedSwiftSyft (0.5):
    - GoogleWebRTC (~> 1.1.0)
    - LibTorch (~> 1.7)
    - SyftProto (= 0.4.9)
  - shared (1.0-SNAPSHOT)
  - SwiftProtobuf (1.8.0)
  - SyftProto (0.4.9):
    - SwiftProtobuf (~> 1.8.0)

DEPENDENCIES:
  - Alamofire (~> 5.4)
  - AppAuth (~> 1.4.0)
  - OpenMinedSwiftSyft (~> 0.5.0-rc.1)
  - shared (from `../shared`)

SPEC REPOS:
  trunk:
    - Alamofire
    - AppAuth
    - GoogleWebRTC
    - LibTorch
    - OpenMinedSwiftSyft
    - SwiftProtobuf
    - SyftProto

EXTERNAL SOURCES:
  shared:
    :path: "../shared"

SPEC CHECKSUMS:
  Alamofire: f3b09a368f1582ab751b3fff5460276e0d2cf5c9
  AppAuth: 31bcec809a638d7bd2f86ea8a52bd45f6e81e7c7
  GoogleWebRTC: b39a78c4f5cc6b0323415b9233db03a2faa7b0f0
  LibTorch: 0eeffb238d9c1bafab350353d19dc3c8d5c7442f
  OpenMinedSwiftSyft: a71bee65c29b2388f19e6ee0c78839448418c9e0
  shared: 693fce7e5ff7c0b0d38e22ffed9745f635b65c84
  SwiftProtobuf: 2cbd9409689b7df170d82a92a33443c8e3e14a70
  SyftProto: da02767fd695d222748d6bdf78ff7ddbe7b1982f

PODFILE CHECKSUM: b9472f4e66088b7efd1b15e69e12c2a0ee884875

COCOAPODS: 1.11.2
